// !$*UTF8*$!
{
	archiveVersion = 1;
	classes = {
	};
	objectVersion = 60;
	objects = {

/* Begin PBXBuildFile section */
		8809BB402C32D63F0088C14E /* NewDetailView.swift in Sources */ = {isa = PBXBuildFile; fileRef = 8809BB3F2C32D63F0088C14E /* NewDetailView.swift */; };
		8809BB422C33AB550088C14E /* dir.md in Resources */ = {isa = PBXBuildFile; fileRef = 8809BB412C33AB550088C14E /* dir.md */; };
		884548982C3B9AF6009A725F /* CustomAlerts.swift in Sources */ = {isa = PBXBuildFile; fileRef = 884548972C3B9AF6009A725F /* CustomAlerts.swift */; };
		884548A22C3C1C52009A725F /* MockTopics.swift in Sources */ = {isa = PBXBuildFile; fileRef = 884548A02C3C1C52009A725F /* MockTopics.swift */; };
		884548A32C3C1C52009A725F /* TopicSettings.swift in Sources */ = {isa = PBXBuildFile; fileRef = 8845489F2C3C1C52009A725F /* TopicSettings.swift */; };
		884548A42C3C1C52009A725F /* ColorSchemes.swift in Sources */ = {isa = PBXBuildFile; fileRef = 884548A12C3C1C52009A725F /* ColorSchemes.swift */; };
		885CEB0C2C28879000234C17 /* AppColors.swift in Sources */ = {isa = PBXBuildFile; fileRef = 885CEB0B2C28879000234C17 /* AppColors.swift */; };
		885CEB0E2C289BDD00234C17 /* GameScreen.swift in Sources */ = {isa = PBXBuildFile; fileRef = 885CEB0D2C289BDD00234C17 /* GameScreen.swift */; };
		885CEB102C289C8500234C17 /* AllocatorView.swift in Sources */ = {isa = PBXBuildFile; fileRef = 885CEB0F2C289C8500234C17 /* AllocatorView.swift */; };
		885CEB122C289D0200234C17 /* PlayChallengeView.swift in Sources */ = {isa = PBXBuildFile; fileRef = 885CEB112C289D0200234C17 /* PlayChallengeView.swift */; };
		885CEB142C289D5300234C17 /* ChallengeManager.swift in Sources */ = {isa = PBXBuildFile; fileRef = 885CEB132C289D5300234C17 /* ChallengeManager.swift */; };
		885CEB162C289DDC00234C17 /* GameBoard.swift in Sources */ = {isa = PBXBuildFile; fileRef = 885CEB152C289DDC00234C17 /* GameBoard.swift */; };
		885CEB192C29082D00234C17 /* GameSettingsScreen.swift in Sources */ = {isa = PBXBuildFile; fileRef = 885CEB182C29082D00234C17 /* GameSettingsScreen.swift */; };
		885CEB1A2C29082D00234C17 /* FreeportSettingsScreen.swift in Sources */ = {isa = PBXBuildFile; fileRef = 885CEB172C29082D00234C17 /* FreeportSettingsScreen.swift */; };
		885CEB1F2C29085700234C17 /* HowToPlayScreen.swift in Sources */ = {isa = PBXBuildFile; fileRef = 885CEB1C2C29085700234C17 /* HowToPlayScreen.swift */; };
		885CEB202C29085700234C17 /* Guts.swift in Sources */ = {isa = PBXBuildFile; fileRef = 885CEB1B2C29085700234C17 /* Guts.swift */; };
		885CEB212C29085700234C17 /* OnboardingScreen.swift in Sources */ = {isa = PBXBuildFile; fileRef = 885CEB1D2C29085700234C17 /* OnboardingScreen.swift */; };
		885CEB232C290C6000234C17 /* subs.swift in Sources */ = {isa = PBXBuildFile; fileRef = 885CEB222C290C6000234C17 /* subs.swift */; };
		885CEB252C2A266100234C17 /* WinLose.swift in Sources */ = {isa = PBXBuildFile; fileRef = 885CEB242C2A266100234C17 /* WinLose.swift */; };
		885CEB272C2A26C900234C17 /* ScoreBarView.swift in Sources */ = {isa = PBXBuildFile; fileRef = 885CEB262C2A26C900234C17 /* ScoreBarView.swift */; };
		885CEB292C2A546A00234C17 /* qdemoTests.swift in Sources */ = {isa = PBXBuildFile; fileRef = 885CEB282C2A546A00234C17 /* qdemoTests.swift */; };
		885CEB2C2C2A55A100234C17 /* playg.swift in Sources */ = {isa = PBXBuildFile; fileRef = 885CEB2A2C2A54DF00234C17 /* playg.swift */; };
		885CEB2E2C2A5C1800234C17 /* README.md in Resources */ = {isa = PBXBuildFile; fileRef = 885CEB2D2C2A5C1800234C17 /* README.md */; };
		88A6D6BC2C2C913A0080A63E /* structs.swift in Sources */ = {isa = PBXBuildFile; fileRef = 88A6D6BB2C2C913A0080A63E /* structs.swift */; };
		88A6D6BE2C2DD34B0080A63E /* TopBarView.swift in Sources */ = {isa = PBXBuildFile; fileRef = 88A6D6BD2C2DD34B0080A63E /* TopBarView.swift */; };
		88F6F8D52C1A1E2400A50C31 /* ContentView.swift in Sources */ = {isa = PBXBuildFile; fileRef = 88F6F8D42C1A1E2400A50C31 /* ContentView.swift */; };
		88F6F8DA2C1A1E2500A50C31 /* Preview Assets.xcassets in Resources */ = {isa = PBXBuildFile; fileRef = 88F6F8D92C1A1E2500A50C31 /* Preview Assets.xcassets */; };
		88F6F8E42C1A1E2500A50C31 /* basicTests.swift in Sources */ = {isa = PBXBuildFile; fileRef = 88F6F8E32C1A1E2500A50C31 /* basicTests.swift */; };
		88F6F8EE2C1A1E2500A50C31 /* basicUITests.swift in Sources */ = {isa = PBXBuildFile; fileRef = 88F6F8ED2C1A1E2500A50C31 /* basicUITests.swift */; };
		88F6F8F02C1A1E2500A50C31 /* basicUITestsLaunchTests.swift in Sources */ = {isa = PBXBuildFile; fileRef = 88F6F8EF2C1A1E2500A50C31 /* basicUITestsLaunchTests.swift */; };
		88F6F9012C1E666700A50C31 /* Assets.xcassets in Resources */ = {isa = PBXBuildFile; fileRef = 88F6F8D62C1A1E2500A50C31 /* Assets.xcassets */; };
		88F6F90E2C20B5FC00A50C31 /* playdata.json in Resources */ = {isa = PBXBuildFile; fileRef = 88F6F90D2C20B5FC00A50C31 /* playdata.json */; };
/* End PBXBuildFile section */

/* Begin PBXContainerItemProxy section */
		88F6F8E02C1A1E2500A50C31 /* PBXContainerItemProxy */ = {
			isa = PBXContainerItemProxy;
			containerPortal = 88F6F8C72C1A1E2400A50C31 /* Project object */;
			proxyType = 1;
			remoteGlobalIDString = 88F6F8CE2C1A1E2400A50C31;
			remoteInfo = basic;
		};
		88F6F8EA2C1A1E2500A50C31 /* PBXContainerItemProxy */ = {
			isa = PBXContainerItemProxy;
			containerPortal = 88F6F8C72C1A1E2400A50C31 /* Project object */;
			proxyType = 1;
			remoteGlobalIDString = 88F6F8CE2C1A1E2400A50C31;
			remoteInfo = basic;
		};
/* End PBXContainerItemProxy section */

/* Begin PBXFileReference section */
		8809BB3F2C32D63F0088C14E /* NewDetailView.swift */ = {isa = PBXFileReference; lastKnownFileType = sourcecode.swift; path = NewDetailView.swift; sourceTree = "<group>"; };
		8809BB412C33AB550088C14E /* dir.md */ = {isa = PBXFileReference; lastKnownFileType = net.daringfireball.markdown; path = dir.md; sourceTree = "<group>"; };
		884548972C3B9AF6009A725F /* CustomAlerts.swift */ = {isa = PBXFileReference; lastKnownFileType = sourcecode.swift; path = CustomAlerts.swift; sourceTree = "<group>"; };
		8845489F2C3C1C52009A725F /* TopicSettings.swift */ = {isa = PBXFileReference; lastKnownFileType = sourcecode.swift; path = TopicSettings.swift; sourceTree = "<group>"; };
		884548A02C3C1C52009A725F /* MockTopics.swift */ = {isa = PBXFileReference; lastKnownFileType = sourcecode.swift; path = MockTopics.swift; sourceTree = "<group>"; };
		884548A12C3C1C52009A725F /* ColorSchemes.swift */ = {isa = PBXFileReference; lastKnownFileType = sourcecode.swift; path = ColorSchemes.swift; sourceTree = "<group>"; };
		885CEB0B2C28879000234C17 /* AppColors.swift */ = {isa = PBXFileReference; lastKnownFileType = sourcecode.swift; path = AppColors.swift; sourceTree = "<group>"; };
		885CEB0D2C289BDD00234C17 /* GameScreen.swift */ = {isa = PBXFileReference; lastKnownFileType = sourcecode.swift; path = GameScreen.swift; sourceTree = "<group>"; };
		885CEB0F2C289C8500234C17 /* AllocatorView.swift */ = {isa = PBXFileReference; lastKnownFileType = sourcecode.swift; path = AllocatorView.swift; sourceTree = "<group>"; };
		885CEB112C289D0200234C17 /* PlayChallengeView.swift */ = {isa = PBXFileReference; lastKnownFileType = sourcecode.swift; path = PlayChallengeView.swift; sourceTree = "<group>"; };
		885CEB132C289D5300234C17 /* ChallengeManager.swift */ = {isa = PBXFileReference; lastKnownFileType = sourcecode.swift; path = ChallengeManager.swift; sourceTree = "<group>"; };
		885CEB152C289DDC00234C17 /* GameBoard.swift */ = {isa = PBXFileReference; lastKnownFileType = sourcecode.swift; path = GameBoard.swift; sourceTree = "<group>"; };
		885CEB172C29082D00234C17 /* FreeportSettingsScreen.swift */ = {isa = PBXFileReference; lastKnownFileType = sourcecode.swift; path = FreeportSettingsScreen.swift; sourceTree = "<group>"; };
		885CEB182C29082D00234C17 /* GameSettingsScreen.swift */ = {isa = PBXFileReference; lastKnownFileType = sourcecode.swift; path = GameSettingsScreen.swift; sourceTree = "<group>"; };
		885CEB1B2C29085700234C17 /* Guts.swift */ = {isa = PBXFileReference; lastKnownFileType = sourcecode.swift; path = Guts.swift; sourceTree = "<group>"; };
		885CEB1C2C29085700234C17 /* HowToPlayScreen.swift */ = {isa = PBXFileReference; lastKnownFileType = sourcecode.swift; path = HowToPlayScreen.swift; sourceTree = "<group>"; };
		885CEB1D2C29085700234C17 /* OnboardingScreen.swift */ = {isa = PBXFileReference; lastKnownFileType = sourcecode.swift; path = OnboardingScreen.swift; sourceTree = "<group>"; };
		885CEB222C290C6000234C17 /* subs.swift */ = {isa = PBXFileReference; lastKnownFileType = sourcecode.swift; path = subs.swift; sourceTree = "<group>"; };
		885CEB242C2A266100234C17 /* WinLose.swift */ = {isa = PBXFileReference; lastKnownFileType = sourcecode.swift; path = WinLose.swift; sourceTree = "<group>"; };
		885CEB262C2A26C900234C17 /* ScoreBarView.swift */ = {isa = PBXFileReference; lastKnownFileType = sourcecode.swift; path = ScoreBarView.swift; sourceTree = "<group>"; };
		885CEB282C2A546A00234C17 /* qdemoTests.swift */ = {isa = PBXFileReference; lastKnownFileType = sourcecode.swift; path = qdemoTests.swift; sourceTree = "<group>"; };
		885CEB2A2C2A54DF00234C17 /* playg.swift */ = {isa = PBXFileReference; lastKnownFileType = sourcecode.swift; path = playg.swift; sourceTree = "<group>"; };
		885CEB2D2C2A5C1800234C17 /* README.md */ = {isa = PBXFileReference; lastKnownFileType = net.daringfireball.markdown; path = README.md; sourceTree = "<group>"; };
		88A6D6BB2C2C913A0080A63E /* structs.swift */ = {isa = PBXFileReference; fileEncoding = 4; lastKnownFileType = sourcecode.swift; path = structs.swift; sourceTree = "<group>"; };
		88A6D6BD2C2DD34B0080A63E /* TopBarView.swift */ = {isa = PBXFileReference; lastKnownFileType = sourcecode.swift; path = TopBarView.swift; sourceTree = "<group>"; };
		88F6F8CF2C1A1E2400A50C31 /* basic.app */ = {isa = PBXFileReference; explicitFileType = wrapper.application; includeInIndex = 0; path = basic.app; sourceTree = BUILT_PRODUCTS_DIR; };
		88F6F8D42C1A1E2400A50C31 /* ContentView.swift */ = {isa = PBXFileReference; lastKnownFileType = sourcecode.swift; path = ContentView.swift; sourceTree = "<group>"; };
		88F6F8D62C1A1E2500A50C31 /* Assets.xcassets */ = {isa = PBXFileReference; lastKnownFileType = folder.assetcatalog; path = Assets.xcassets; sourceTree = "<group>"; };
		88F6F8D92C1A1E2500A50C31 /* Preview Assets.xcassets */ = {isa = PBXFileReference; lastKnownFileType = folder.assetcatalog; path = "Preview Assets.xcassets"; sourceTree = "<group>"; };
		88F6F8DF2C1A1E2500A50C31 /* basicTests.xctest */ = {isa = PBXFileReference; explicitFileType = wrapper.cfbundle; includeInIndex = 0; path = basicTests.xctest; sourceTree = BUILT_PRODUCTS_DIR; };
		88F6F8E32C1A1E2500A50C31 /* basicTests.swift */ = {isa = PBXFileReference; lastKnownFileType = sourcecode.swift; path = basicTests.swift; sourceTree = "<group>"; };
		88F6F8E92C1A1E2500A50C31 /* basicUITests.xctest */ = {isa = PBXFileReference; explicitFileType = wrapper.cfbundle; includeInIndex = 0; path = basicUITests.xctest; sourceTree = BUILT_PRODUCTS_DIR; };
		88F6F8ED2C1A1E2500A50C31 /* basicUITests.swift */ = {isa = PBXFileReference; lastKnownFileType = sourcecode.swift; path = basicUITests.swift; sourceTree = "<group>"; };
		88F6F8EF2C1A1E2500A50C31 /* basicUITestsLaunchTests.swift */ = {isa = PBXFileReference; lastKnownFileType = sourcecode.swift; path = basicUITestsLaunchTests.swift; sourceTree = "<group>"; };
		88F6F8FF2C1E660600A50C31 /* Info.plist */ = {isa = PBXFileReference; lastKnownFileType = text.plist.xml; path = Info.plist; sourceTree = "<group>"; };
		88F6F90D2C20B5FC00A50C31 /* playdata.json */ = {isa = PBXFileReference; lastKnownFileType = text.json; path = playdata.json; sourceTree = "<group>"; };
/* End PBXFileReference section */

/* Begin PBXFrameworksBuildPhase section */
		88F6F8CC2C1A1E2400A50C31 /* Frameworks */ = {
			isa = PBXFrameworksBuildPhase;
			buildActionMask = 2147483647;
			files = (
			);
			runOnlyForDeploymentPostprocessing = 0;
		};
		88F6F8DC2C1A1E2500A50C31 /* Frameworks */ = {
			isa = PBXFrameworksBuildPhase;
			buildActionMask = 2147483647;
			files = (
			);
			runOnlyForDeploymentPostprocessing = 0;
		};
		88F6F8E62C1A1E2500A50C31 /* Frameworks */ = {
			isa = PBXFrameworksBuildPhase;
			buildActionMask = 2147483647;
			files = (
			);
			runOnlyForDeploymentPostprocessing = 0;
		};
/* End PBXFrameworksBuildPhase section */

/* Begin PBXGroup section */
		885CEB1E2C29085700234C17 /* aux */ = {
			isa = PBXGroup;
			children = (
				885CEB1B2C29085700234C17 /* Guts.swift */,
				885CEB1C2C29085700234C17 /* HowToPlayScreen.swift */,
				885CEB1D2C29085700234C17 /* OnboardingScreen.swift */,
			);
			path = aux;
			sourceTree = "<group>";
		};
		88F6F8C62C1A1E2400A50C31 = {
			isa = PBXGroup;
			children = (
				8809BB412C33AB550088C14E /* dir.md */,
				885CEB2D2C2A5C1800234C17 /* README.md */,
				88F6F90D2C20B5FC00A50C31 /* playdata.json */,
				88F6F8D12C1A1E2400A50C31 /* basic */,
				88F6F8E22C1A1E2500A50C31 /* basicTests */,
				88F6F8EC2C1A1E2500A50C31 /* basicUITests */,
				88F6F8D02C1A1E2400A50C31 /* Products */,
			);
			sourceTree = "<group>";
		};
		88F6F8D02C1A1E2400A50C31 /* Products */ = {
			isa = PBXGroup;
			children = (
				88F6F8CF2C1A1E2400A50C31 /* basic.app */,
				88F6F8DF2C1A1E2500A50C31 /* basicTests.xctest */,
				88F6F8E92C1A1E2500A50C31 /* basicUITests.xctest */,
			);
			name = Products;
			sourceTree = "<group>";
		};
		88F6F8D12C1A1E2400A50C31 /* basic */ = {
			isa = PBXGroup;
			children = (
				885CEB1E2C29085700234C17 /* aux */,
				88F6F8FF2C1E660600A50C31 /* Info.plist */,
				88A6D6BB2C2C913A0080A63E /* structs.swift */,
				885CEB222C290C6000234C17 /* subs.swift */,
				8845489F2C3C1C52009A725F /* TopicSettings.swift */,
				884548A02C3C1C52009A725F /* MockTopics.swift */,
				884548A12C3C1C52009A725F /* ColorSchemes.swift */,
				884548972C3B9AF6009A725F /* CustomAlerts.swift */,
				88F6F8D42C1A1E2400A50C31 /* ContentView.swift */,
				885CEB112C289D0200234C17 /* PlayChallengeView.swift */,
				8809BB3F2C32D63F0088C14E /* NewDetailView.swift */,
				88A6D6BD2C2DD34B0080A63E /* TopBarView.swift */,
				885CEB0F2C289C8500234C17 /* AllocatorView.swift */,
				885CEB0B2C28879000234C17 /* AppColors.swift */,
				885CEB152C289DDC00234C17 /* GameBoard.swift */,
				885CEB132C289D5300234C17 /* ChallengeManager.swift */,
				885CEB172C29082D00234C17 /* FreeportSettingsScreen.swift */,
				885CEB182C29082D00234C17 /* GameSettingsScreen.swift */,
				885CEB0D2C289BDD00234C17 /* GameScreen.swift */,
				885CEB262C2A26C900234C17 /* ScoreBarView.swift */,
				885CEB242C2A266100234C17 /* WinLose.swift */,
				88F6F8D62C1A1E2500A50C31 /* Assets.xcassets */,
				88F6F8D82C1A1E2500A50C31 /* Preview Content */,
			);
			path = basic;
			sourceTree = "<group>";
		};
		88F6F8D82C1A1E2500A50C31 /* Preview Content */ = {
			isa = PBXGroup;
			children = (
				88F6F8D92C1A1E2500A50C31 /* Preview Assets.xcassets */,
			);
			path = "Preview Content";
			sourceTree = "<group>";
		};
		88F6F8E22C1A1E2500A50C31 /* basicTests */ = {
			isa = PBXGroup;
			children = (
				885CEB2A2C2A54DF00234C17 /* playg.swift */,
				885CEB282C2A546A00234C17 /* qdemoTests.swift */,
				88F6F8E32C1A1E2500A50C31 /* basicTests.swift */,
			);
			path = basicTests;
			sourceTree = "<group>";
		};
		88F6F8EC2C1A1E2500A50C31 /* basicUITests */ = {
			isa = PBXGroup;
			children = (
				88F6F8ED2C1A1E2500A50C31 /* basicUITests.swift */,
				88F6F8EF2C1A1E2500A50C31 /* basicUITestsLaunchTests.swift */,
			);
			path = basicUITests;
			sourceTree = "<group>";
		};
/* End PBXGroup section */

/* Begin PBXNativeTarget section */
		88F6F8CE2C1A1E2400A50C31 /* basic */ = {
			isa = PBXNativeTarget;
			buildConfigurationList = 88F6F8F32C1A1E2500A50C31 /* Build configuration list for PBXNativeTarget "basic" */;
			buildPhases = (
				88F6F8CB2C1A1E2400A50C31 /* Sources */,
				88F6F8CC2C1A1E2400A50C31 /* Frameworks */,
				88F6F8CD2C1A1E2400A50C31 /* Resources */,
			);
			buildRules = (
			);
			dependencies = (
			);
			name = basic;
			productName = basic;
			productReference = 88F6F8CF2C1A1E2400A50C31 /* basic.app */;
			productType = "com.apple.product-type.application";
		};
		88F6F8DE2C1A1E2500A50C31 /* basicTests */ = {
			isa = PBXNativeTarget;
			buildConfigurationList = 88F6F8F62C1A1E2500A50C31 /* Build configuration list for PBXNativeTarget "basicTests" */;
			buildPhases = (
				88F6F8DB2C1A1E2500A50C31 /* Sources */,
				88F6F8DC2C1A1E2500A50C31 /* Frameworks */,
				88F6F8DD2C1A1E2500A50C31 /* Resources */,
			);
			buildRules = (
			);
			dependencies = (
				88F6F8E12C1A1E2500A50C31 /* PBXTargetDependency */,
			);
			name = basicTests;
			productName = basicTests;
			productReference = 88F6F8DF2C1A1E2500A50C31 /* basicTests.xctest */;
			productType = "com.apple.product-type.bundle.unit-test";
		};
		88F6F8E82C1A1E2500A50C31 /* basicUITests */ = {
			isa = PBXNativeTarget;
			buildConfigurationList = 88F6F8F92C1A1E2500A50C31 /* Build configuration list for PBXNativeTarget "basicUITests" */;
			buildPhases = (
				88F6F8E52C1A1E2500A50C31 /* Sources */,
				88F6F8E62C1A1E2500A50C31 /* Frameworks */,
				88F6F8E72C1A1E2500A50C31 /* Resources */,
			);
			buildRules = (
			);
			dependencies = (
				88F6F8EB2C1A1E2500A50C31 /* PBXTargetDependency */,
			);
			name = basicUITests;
			productName = basicUITests;
			productReference = 88F6F8E92C1A1E2500A50C31 /* basicUITests.xctest */;
			productType = "com.apple.product-type.bundle.ui-testing";
		};
/* End PBXNativeTarget section */

/* Begin PBXProject section */
		88F6F8C72C1A1E2400A50C31 /* Project object */ = {
			isa = PBXProject;
			attributes = {
				BuildIndependentTargetsInParallel = 1;
				LastSwiftUpdateCheck = 1600;
				LastUpgradeCheck = 1600;
				TargetAttributes = {
					88F6F8CE2C1A1E2400A50C31 = {
						CreatedOnToolsVersion = 16.0;
					};
					88F6F8DE2C1A1E2500A50C31 = {
						CreatedOnToolsVersion = 16.0;
						TestTargetID = 88F6F8CE2C1A1E2400A50C31;
					};
					88F6F8E82C1A1E2500A50C31 = {
						CreatedOnToolsVersion = 16.0;
						TestTargetID = 88F6F8CE2C1A1E2400A50C31;
					};
				};
			};
			buildConfigurationList = 88F6F8CA2C1A1E2400A50C31 /* Build configuration list for PBXProject "basic" */;
			compatibilityVersion = "Xcode 15.0";
			developmentRegion = en;
			hasScannedForEncodings = 0;
			knownRegions = (
				en,
				Base,
			);
			mainGroup = 88F6F8C62C1A1E2400A50C31;
			productRefGroup = 88F6F8D02C1A1E2400A50C31 /* Products */;
			projectDirPath = "";
			projectRoot = "";
			targets = (
				88F6F8CE2C1A1E2400A50C31 /* basic */,
				88F6F8DE2C1A1E2500A50C31 /* basicTests */,
				88F6F8E82C1A1E2500A50C31 /* basicUITests */,
			);
		};
/* End PBXProject section */

/* Begin PBXResourcesBuildPhase section */
		88F6F8CD2C1A1E2400A50C31 /* Resources */ = {
			isa = PBXResourcesBuildPhase;
			buildActionMask = 2147483647;
			files = (
				8809BB422C33AB550088C14E /* dir.md in Resources */,
				88F6F90E2C20B5FC00A50C31 /* playdata.json in Resources */,
				88F6F8DA2C1A1E2500A50C31 /* Preview Assets.xcassets in Resources */,
				885CEB2E2C2A5C1800234C17 /* README.md in Resources */,
				88F6F9012C1E666700A50C31 /* Assets.xcassets in Resources */,
			);
			runOnlyForDeploymentPostprocessing = 0;
		};
		88F6F8DD2C1A1E2500A50C31 /* Resources */ = {
			isa = PBXResourcesBuildPhase;
			buildActionMask = 2147483647;
			files = (
			);
			runOnlyForDeploymentPostprocessing = 0;
		};
		88F6F8E72C1A1E2500A50C31 /* Resources */ = {
			isa = PBXResourcesBuildPhase;
			buildActionMask = 2147483647;
			files = (
			);
			runOnlyForDeploymentPostprocessing = 0;
		};
/* End PBXResourcesBuildPhase section */

/* Begin PBXSourcesBuildPhase section */
		88F6F8CB2C1A1E2400A50C31 /* Sources */ = {
			isa = PBXSourcesBuildPhase;
			buildActionMask = 2147483647;
			files = (
				885CEB0E2C289BDD00234C17 /* GameScreen.swift in Sources */,
				88A6D6BE2C2DD34B0080A63E /* TopBarView.swift in Sources */,
				88F6F8D52C1A1E2400A50C31 /* ContentView.swift in Sources */,
				885CEB102C289C8500234C17 /* AllocatorView.swift in Sources */,
				885CEB162C289DDC00234C17 /* GameBoard.swift in Sources */,
				885CEB142C289D5300234C17 /* ChallengeManager.swift in Sources */,
				88A6D6BC2C2C913A0080A63E /* structs.swift in Sources */,
				884548982C3B9AF6009A725F /* CustomAlerts.swift in Sources */,
				885CEB1F2C29085700234C17 /* HowToPlayScreen.swift in Sources */,
				885CEB202C29085700234C17 /* Guts.swift in Sources */,
				885CEB212C29085700234C17 /* OnboardingScreen.swift in Sources */,
				885CEB232C290C6000234C17 /* subs.swift in Sources */,
				885CEB192C29082D00234C17 /* GameSettingsScreen.swift in Sources */,
				885CEB1A2C29082D00234C17 /* FreeportSettingsScreen.swift in Sources */,
				885CEB0C2C28879000234C17 /* AppColors.swift in Sources */,
				885CEB122C289D0200234C17 /* PlayChallengeView.swift in Sources */,
				885CEB272C2A26C900234C17 /* ScoreBarView.swift in Sources */,
				884548A22C3C1C52009A725F /* MockTopics.swift in Sources */,
				884548A32C3C1C52009A725F /* TopicSettings.swift in Sources */,
				884548A42C3C1C52009A725F /* ColorSchemes.swift in Sources */,
				8809BB402C32D63F0088C14E /* NewDetailView.swift in Sources */,
				885CEB252C2A266100234C17 /* WinLose.swift in Sources */,
			);
			runOnlyForDeploymentPostprocessing = 0;
		};
		88F6F8DB2C1A1E2500A50C31 /* Sources */ = {
			isa = PBXSourcesBuildPhase;
			buildActionMask = 2147483647;
			files = (
				885CEB292C2A546A00234C17 /* qdemoTests.swift in Sources */,
				88F6F8E42C1A1E2500A50C31 /* basicTests.swift in Sources */,
				885CEB2C2C2A55A100234C17 /* playg.swift in Sources */,
			);
			runOnlyForDeploymentPostprocessing = 0;
		};
		88F6F8E52C1A1E2500A50C31 /* Sources */ = {
			isa = PBXSourcesBuildPhase;
			buildActionMask = 2147483647;
			files = (
				88F6F8EE2C1A1E2500A50C31 /* basicUITests.swift in Sources */,
				88F6F8F02C1A1E2500A50C31 /* basicUITestsLaunchTests.swift in Sources */,
			);
			runOnlyForDeploymentPostprocessing = 0;
		};
/* End PBXSourcesBuildPhase section */

/* Begin PBXTargetDependency section */
		88F6F8E12C1A1E2500A50C31 /* PBXTargetDependency */ = {
			isa = PBXTargetDependency;
			target = 88F6F8CE2C1A1E2400A50C31 /* basic */;
			targetProxy = 88F6F8E02C1A1E2500A50C31 /* PBXContainerItemProxy */;
		};
		88F6F8EB2C1A1E2500A50C31 /* PBXTargetDependency */ = {
			isa = PBXTargetDependency;
			target = 88F6F8CE2C1A1E2400A50C31 /* basic */;
			targetProxy = 88F6F8EA2C1A1E2500A50C31 /* PBXContainerItemProxy */;
		};
/* End PBXTargetDependency section */

/* Begin XCBuildConfiguration section */
		88F6F8F12C1A1E2500A50C31 /* Debug */ = {
			isa = XCBuildConfiguration;
			buildSettings = {
				ALWAYS_SEARCH_USER_PATHS = NO;
				ASSETCATALOG_COMPILER_GENERATE_SWIFT_ASSET_SYMBOL_EXTENSIONS = YES;
				CLANG_ANALYZER_NONNULL = YES;
				CLANG_ANALYZER_NUMBER_OBJECT_CONVERSION = YES_AGGRESSIVE;
				CLANG_CXX_LANGUAGE_STANDARD = "gnu++20";
				CLANG_ENABLE_MODULES = YES;
				CLANG_ENABLE_OBJC_ARC = YES;
				CLANG_ENABLE_OBJC_WEAK = YES;
				CLANG_WARN_BLOCK_CAPTURE_AUTORELEASING = YES;
				CLANG_WARN_BOOL_CONVERSION = YES;
				CLANG_WARN_COMMA = YES;
				CLANG_WARN_CONSTANT_CONVERSION = YES;
				CLANG_WARN_DEPRECATED_OBJC_IMPLEMENTATIONS = YES;
				CLANG_WARN_DIRECT_OBJC_ISA_USAGE = YES_ERROR;
				CLANG_WARN_DOCUMENTATION_COMMENTS = YES;
				CLANG_WARN_EMPTY_BODY = YES;
				CLANG_WARN_ENUM_CONVERSION = YES;
				CLANG_WARN_INFINITE_RECURSION = YES;
				CLANG_WARN_INT_CONVERSION = YES;
				CLANG_WARN_NON_LITERAL_NULL_CONVERSION = YES;
				CLANG_WARN_OBJC_IMPLICIT_RETAIN_SELF = YES;
				CLANG_WARN_OBJC_LITERAL_CONVERSION = YES;
				CLANG_WARN_OBJC_ROOT_CLASS = YES_ERROR;
				CLANG_WARN_QUOTED_INCLUDE_IN_FRAMEWORK_HEADER = YES;
				CLANG_WARN_RANGE_LOOP_ANALYSIS = YES;
				CLANG_WARN_STRICT_PROTOTYPES = YES;
				CLANG_WARN_SUSPICIOUS_MOVE = YES;
				CLANG_WARN_UNGUARDED_AVAILABILITY = YES_AGGRESSIVE;
				CLANG_WARN_UNREACHABLE_CODE = YES;
				CLANG_WARN__DUPLICATE_METHOD_MATCH = YES;
				COPY_PHASE_STRIP = NO;
				DEBUG_INFORMATION_FORMAT = dwarf;
				ENABLE_STRICT_OBJC_MSGSEND = YES;
				ENABLE_TESTABILITY = YES;
				ENABLE_USER_SCRIPT_SANDBOXING = YES;
				GCC_C_LANGUAGE_STANDARD = gnu17;
				GCC_DYNAMIC_NO_PIC = NO;
				GCC_NO_COMMON_BLOCKS = YES;
				GCC_OPTIMIZATION_LEVEL = 0;
				GCC_PREPROCESSOR_DEFINITIONS = (
					"DEBUG=1",
					"$(inherited)",
				);
				GCC_WARN_64_TO_32_BIT_CONVERSION = YES;
				GCC_WARN_ABOUT_RETURN_TYPE = YES_ERROR;
				GCC_WARN_UNDECLARED_SELECTOR = YES;
				GCC_WARN_UNINITIALIZED_AUTOS = YES_AGGRESSIVE;
				GCC_WARN_UNUSED_FUNCTION = YES;
				GCC_WARN_UNUSED_VARIABLE = YES;
				IPHONEOS_DEPLOYMENT_TARGET = 18.0;
				LOCALIZATION_PREFERS_STRING_CATALOGS = YES;
				MTL_ENABLE_DEBUG_INFO = INCLUDE_SOURCE;
				MTL_FAST_MATH = YES;
				ONLY_ACTIVE_ARCH = YES;
				SDKROOT = iphoneos;
				SWIFT_ACTIVE_COMPILATION_CONDITIONS = "DEBUG $(inherited)";
				SWIFT_OPTIMIZATION_LEVEL = "-Onone";
			};
			name = Debug;
		};
		88F6F8F22C1A1E2500A50C31 /* Release */ = {
			isa = XCBuildConfiguration;
			buildSettings = {
				ALWAYS_SEARCH_USER_PATHS = NO;
				ASSETCATALOG_COMPILER_GENERATE_SWIFT_ASSET_SYMBOL_EXTENSIONS = YES;
				CLANG_ANALYZER_NONNULL = YES;
				CLANG_ANALYZER_NUMBER_OBJECT_CONVERSION = YES_AGGRESSIVE;
				CLANG_CXX_LANGUAGE_STANDARD = "gnu++20";
				CLANG_ENABLE_MODULES = YES;
				CLANG_ENABLE_OBJC_ARC = YES;
				CLANG_ENABLE_OBJC_WEAK = YES;
				CLANG_WARN_BLOCK_CAPTURE_AUTORELEASING = YES;
				CLANG_WARN_BOOL_CONVERSION = YES;
				CLANG_WARN_COMMA = YES;
				CLANG_WARN_CONSTANT_CONVERSION = YES;
				CLANG_WARN_DEPRECATED_OBJC_IMPLEMENTATIONS = YES;
				CLANG_WARN_DIRECT_OBJC_ISA_USAGE = YES_ERROR;
				CLANG_WARN_DOCUMENTATION_COMMENTS = YES;
				CLANG_WARN_EMPTY_BODY = YES;
				CLANG_WARN_ENUM_CONVERSION = YES;
				CLANG_WARN_INFINITE_RECURSION = YES;
				CLANG_WARN_INT_CONVERSION = YES;
				CLANG_WARN_NON_LITERAL_NULL_CONVERSION = YES;
				CLANG_WARN_OBJC_IMPLICIT_RETAIN_SELF = YES;
				CLANG_WARN_OBJC_LITERAL_CONVERSION = YES;
				CLANG_WARN_OBJC_ROOT_CLASS = YES_ERROR;
				CLANG_WARN_QUOTED_INCLUDE_IN_FRAMEWORK_HEADER = YES;
				CLANG_WARN_RANGE_LOOP_ANALYSIS = YES;
				CLANG_WARN_STRICT_PROTOTYPES = YES;
				CLANG_WARN_SUSPICIOUS_MOVE = YES;
				CLANG_WARN_UNGUARDED_AVAILABILITY = YES_AGGRESSIVE;
				CLANG_WARN_UNREACHABLE_CODE = YES;
				CLANG_WARN__DUPLICATE_METHOD_MATCH = YES;
				COPY_PHASE_STRIP = NO;
				DEBUG_INFORMATION_FORMAT = "dwarf-with-dsym";
				ENABLE_NS_ASSERTIONS = NO;
				ENABLE_STRICT_OBJC_MSGSEND = YES;
				ENABLE_USER_SCRIPT_SANDBOXING = YES;
				GCC_C_LANGUAGE_STANDARD = gnu17;
				GCC_NO_COMMON_BLOCKS = YES;
				GCC_WARN_64_TO_32_BIT_CONVERSION = YES;
				GCC_WARN_ABOUT_RETURN_TYPE = YES_ERROR;
				GCC_WARN_UNDECLARED_SELECTOR = YES;
				GCC_WARN_UNINITIALIZED_AUTOS = YES_AGGRESSIVE;
				GCC_WARN_UNUSED_FUNCTION = YES;
				GCC_WARN_UNUSED_VARIABLE = YES;
				IPHONEOS_DEPLOYMENT_TARGET = 18.0;
				LOCALIZATION_PREFERS_STRING_CATALOGS = YES;
				MTL_ENABLE_DEBUG_INFO = NO;
				MTL_FAST_MATH = YES;
				SDKROOT = iphoneos;
				SWIFT_COMPILATION_MODE = wholemodule;
				VALIDATE_PRODUCT = YES;
			};
			name = Release;
		};
		88F6F8F42C1A1E2500A50C31 /* Debug */ = {
			isa = XCBuildConfiguration;
			buildSettings = {
				ASSETCATALOG_COMPILER_APPICON_NAME = AppIcon;
				ASSETCATALOG_COMPILER_GLOBAL_ACCENT_COLOR_NAME = AccentColor;
				CLANG_USE_OPTIMIZATION_PROFILE = YES;
				CODE_SIGN_STYLE = Automatic;
				CURRENT_PROJECT_VERSION = 5;
				DEVELOPMENT_ASSET_PATHS = "\"basic/Preview Content\"";
				DEVELOPMENT_TEAM = NEAY582ME4;
				ENABLE_PREVIEWS = YES;
				GENERATE_INFOPLIST_FILE = YES;
				INFOPLIST_KEY_UIApplicationSceneManifest_Generation = YES;
				INFOPLIST_KEY_UIApplicationSupportsIndirectInputEvents = YES;
				INFOPLIST_KEY_UILaunchScreen_Generation = YES;
				INFOPLIST_KEY_UISupportedInterfaceOrientations_iPad = "UIInterfaceOrientationPortrait UIInterfaceOrientationPortraitUpsideDown UIInterfaceOrientationLandscapeLeft UIInterfaceOrientationLandscapeRight";
				INFOPLIST_KEY_UISupportedInterfaceOrientations_iPhone = "UIInterfaceOrientationPortrait UIInterfaceOrientationLandscapeLeft UIInterfaceOrientationLandscapeRight";
				IPHONEOS_DEPLOYMENT_TARGET = 17.0;
				LD_RUNPATH_SEARCH_PATHS = (
					"$(inherited)",
					"@executable_path/Frameworks",
				);
				MARKETING_VERSION = 0.1;
				PRODUCT_BUNDLE_IDENTIFIER = com.billdonner.basic;
				PRODUCT_NAME = "$(TARGET_NAME)";
				SWIFT_EMIT_LOC_STRINGS = YES;
				SWIFT_VERSION = 5.0;
				TARGETED_DEVICE_FAMILY = "1,2";
			};
			name = Debug;
		};
		88F6F8F52C1A1E2500A50C31 /* Release */ = {
			isa = XCBuildConfiguration;
			buildSettings = {
				ASSETCATALOG_COMPILER_APPICON_NAME = AppIcon;
				ASSETCATALOG_COMPILER_GLOBAL_ACCENT_COLOR_NAME = AccentColor;
				CLANG_USE_OPTIMIZATION_PROFILE = YES;
				CODE_SIGN_STYLE = Automatic;
				CURRENT_PROJECT_VERSION = 5;
				DEVELOPMENT_ASSET_PATHS = "\"basic/Preview Content\"";
				DEVELOPMENT_TEAM = NEAY582ME4;
				ENABLE_PREVIEWS = YES;
				GENERATE_INFOPLIST_FILE = YES;
				INFOPLIST_KEY_UIApplicationSceneManifest_Generation = YES;
				INFOPLIST_KEY_UIApplicationSupportsIndirectInputEvents = YES;
				INFOPLIST_KEY_UILaunchScreen_Generation = YES;
				INFOPLIST_KEY_UISupportedInterfaceOrientations_iPad = "UIInterfaceOrientationPortrait UIInterfaceOrientationPortraitUpsideDown UIInterfaceOrientationLandscapeLeft UIInterfaceOrientationLandscapeRight";
				INFOPLIST_KEY_UISupportedInterfaceOrientations_iPhone = "UIInterfaceOrientationPortrait UIInterfaceOrientationLandscapeLeft UIInterfaceOrientationLandscapeRight";
				IPHONEOS_DEPLOYMENT_TARGET = 17.0;
				LD_RUNPATH_SEARCH_PATHS = (
					"$(inherited)",
					"@executable_path/Frameworks",
				);
				MARKETING_VERSION = 0.1;
				PRODUCT_BUNDLE_IDENTIFIER = com.billdonner.basic;
				PRODUCT_NAME = "$(TARGET_NAME)";
				SWIFT_EMIT_LOC_STRINGS = YES;
				SWIFT_VERSION = 5.0;
				TARGETED_DEVICE_FAMILY = "1,2";
			};
			name = Release;
		};
		88F6F8F72C1A1E2500A50C31 /* Debug */ = {
			isa = XCBuildConfiguration;
			buildSettings = {
				BUNDLE_LOADER = "$(TEST_HOST)";
				CODE_SIGN_STYLE = Automatic;
				CURRENT_PROJECT_VERSION = 1;
				DEVELOPMENT_TEAM = NEAY582ME4;
				GENERATE_INFOPLIST_FILE = YES;
				IPHONEOS_DEPLOYMENT_TARGET = 17.0;
				MARKETING_VERSION = 1.0;
				PRODUCT_BUNDLE_IDENTIFIER = com.billdonner.basicTests;
				PRODUCT_NAME = "$(TARGET_NAME)";
				SWIFT_EMIT_LOC_STRINGS = NO;
				SWIFT_VERSION = 5.0;
				TARGETED_DEVICE_FAMILY = "1,2";
				TEST_HOST = "$(BUILT_PRODUCTS_DIR)/basic.app/$(BUNDLE_EXECUTABLE_FOLDER_PATH)/basic";
			};
			name = Debug;
		};
		88F6F8F82C1A1E2500A50C31 /* Release */ = {
			isa = XCBuildConfiguration;
			buildSettings = {
				BUNDLE_LOADER = "$(TEST_HOST)";
				CODE_SIGN_STYLE = Automatic;
				CURRENT_PROJECT_VERSION = 1;
				DEVELOPMENT_TEAM = NEAY582ME4;
				GENERATE_INFOPLIST_FILE = YES;
				IPHONEOS_DEPLOYMENT_TARGET = 17.0;
				MARKETING_VERSION = 1.0;
				PRODUCT_BUNDLE_IDENTIFIER = com.billdonner.basicTests;
				PRODUCT_NAME = "$(TARGET_NAME)";
				SWIFT_EMIT_LOC_STRINGS = NO;
				SWIFT_VERSION = 5.0;
				TARGETED_DEVICE_FAMILY = "1,2";
				TEST_HOST = "$(BUILT_PRODUCTS_DIR)/basic.app/$(BUNDLE_EXECUTABLE_FOLDER_PATH)/basic";
			};
			name = Release;
		};
		88F6F8FA2C1A1E2500A50C31 /* Debug */ = {
			isa = XCBuildConfiguration;
			buildSettings = {
				CODE_SIGN_STYLE = Automatic;
				CURRENT_PROJECT_VERSION = 1;
				DEVELOPMENT_TEAM = NEAY582ME4;
				GENERATE_INFOPLIST_FILE = YES;
				MARKETING_VERSION = 1.0;
				PRODUCT_BUNDLE_IDENTIFIER = com.billdonner.basicUITests;
				PRODUCT_NAME = "$(TARGET_NAME)";
				SWIFT_EMIT_LOC_STRINGS = NO;
				SWIFT_VERSION = 5.0;
				TARGETED_DEVICE_FAMILY = "1,2";
				TEST_TARGET_NAME = basic;
			};
			name = Debug;
		};
		88F6F8FB2C1A1E2500A50C31 /* Release */ = {
			isa = XCBuildConfiguration;
			buildSettings = {
				CODE_SIGN_STYLE = Automatic;
				CURRENT_PROJECT_VERSION = 1;
				DEVELOPMENT_TEAM = NEAY582ME4;
				GENERATE_INFOPLIST_FILE = YES;
				MARKETING_VERSION = 1.0;
				PRODUCT_BUNDLE_IDENTIFIER = com.billdonner.basicUITests;
				PRODUCT_NAME = "$(TARGET_NAME)";
				SWIFT_EMIT_LOC_STRINGS = NO;
				SWIFT_VERSION = 5.0;
				TARGETED_DEVICE_FAMILY = "1,2";
				TEST_TARGET_NAME = basic;
			};
			name = Release;
		};
/* End XCBuildConfiguration section */

/* Begin XCConfigurationList section */
		88F6F8CA2C1A1E2400A50C31 /* Build configuration list for PBXProject "basic" */ = {
			isa = XCConfigurationList;
			buildConfigurations = (
				88F6F8F12C1A1E2500A50C31 /* Debug */,
				88F6F8F22C1A1E2500A50C31 /* Release */,
			);
			defaultConfigurationIsVisible = 0;
			defaultConfigurationName = Release;
		};
		88F6F8F32C1A1E2500A50C31 /* Build configuration list for PBXNativeTarget "basic" */ = {
			isa = XCConfigurationList;
			buildConfigurations = (
				88F6F8F42C1A1E2500A50C31 /* Debug */,
				88F6F8F52C1A1E2500A50C31 /* Release */,
			);
			defaultConfigurationIsVisible = 0;
			defaultConfigurationName = Release;
		};
		88F6F8F62C1A1E2500A50C31 /* Build configuration list for PBXNativeTarget "basicTests" */ = {
			isa = XCConfigurationList;
			buildConfigurations = (
				88F6F8F72C1A1E2500A50C31 /* Debug */,
				88F6F8F82C1A1E2500A50C31 /* Release */,
			);
			defaultConfigurationIsVisible = 0;
			defaultConfigurationName = Release;
		};
		88F6F8F92C1A1E2500A50C31 /* Build configuration list for PBXNativeTarget "basicUITests" */ = {
			isa = XCConfigurationList;
			buildConfigurations = (
				88F6F8FA2C1A1E2500A50C31 /* Debug */,
				88F6F8FB2C1A1E2500A50C31 /* Release */,
			);
			defaultConfigurationIsVisible = 0;
			defaultConfigurationName = Release;
		};
/* End XCConfigurationList section */
	};
	rootObject = 88F6F8C72C1A1E2400A50C31 /* Project object */;
}
